
Microsoft Visual Studio Solution File, Format Version 12.00
# Visual Studio 15
VisualStudioVersion = 15.0.28307.572
MinimumVisualStudioVersion = 10.0.40219.1
Project("{8BC9CEB8-8B4A-11D0-8D11-00A0C91BC942}") = "Ancient game", "Ancient game\Ancient game.vcxproj", "{7F6D9035-FA6E-41F0-BC01-FB8C78E5E318}"
EndProject
Global
	GlobalSection(SolutionConfigurationPlatforms) = preSolution
		Debug|x64 = Debug|x64
		Debug|x86 = Debug|x86
		Release|x64 = Release|x64
		Release|x86 = Release|x86
	EndGlobalSection
	GlobalSection(ProjectConfigurationPlatforms) = postSolution
		{7F6D9035-FA6E-41F0-BC01-FB8C78E5E318}.Debug|x64.ActiveCfg = Debug|x64
		{7F6D9035-FA6E-41F0-BC01-FB8C78E5E318}.Debug|x64.Build.0 = Debug|x64
		{7F6D9035-FA6E-41F0-BC01-FB8C78E5E318}.Debug|x86.ActiveCfg = Debug|Win32
		{7F6D9035-FA6E-41F0-BC01-FB8C78E5E318}.Debug|x86.Build.0 = Debug|Win32
		{7F6D9035-FA6E-41F0-BC01-FB8C78E5E318}.Release|x64.ActiveCfg = Release|x64
		{7F6D9035-FA6E-41F0-BC01-FB8C78E5E318}.Release|x64.Build.0 = Release|x64
		{7F6D9035-FA6E-41F0-BC01-FB8C78E5E318}.Release|x86.ActiveCfg = Release|Win32
		{7F6D9035-FA6E-41F0-BC01-FB8C78E5E318}.Release|x86.Build.0 = Release|Win32
	EndGlobalSection
	GlobalSection(SolutionProperties) = preSolution
		HideSolutionNode = FALSE
	EndGlobalSection
	GlobalSection(ExtensibilityGlobals) = postSolution
		SolutionGuid = {3A0E8321-B005-4CDF-99A9-975AA5863F0C}
	EndGlobalSection
EndGlobal
